// !$*UTF8*$!
{
	archiveVersion = 1;
	classes = {
	};
	objectVersion = 48;
	objects = {

/* Begin PBXBuildFile section */
		A31B51C01FD8939F0013B062 /* ServiceManager.swift in Sources */ = {isa = PBXBuildFile; fileRef = A31B51BF1FD8939F0013B062 /* ServiceManager.swift */; };
		A31B51C21FD893F60013B062 /* CurrencySerivceManager.swift in Sources */ = {isa = PBXBuildFile; fileRef = A31B51C11FD893F60013B062 /* CurrencySerivceManager.swift */; };
		A32F40E21FD748A3000BB177 /* Main.storyboard in Resources */ = {isa = PBXBuildFile; fileRef = A32F40E01FD748A3000BB177 /* Main.storyboard */; };
		A32F40E41FD748A3000BB177 /* Assets.xcassets in Resources */ = {isa = PBXBuildFile; fileRef = A32F40E31FD748A3000BB177 /* Assets.xcassets */; };
		A32F40E71FD748A3000BB177 /* LaunchScreen.storyboard in Resources */ = {isa = PBXBuildFile; fileRef = A32F40E51FD748A3000BB177 /* LaunchScreen.storyboard */; };
		A32F40F21FD748A3000BB177 /* BUXCryptoTestTests.swift in Sources */ = {isa = PBXBuildFile; fileRef = A32F40F11FD748A3000BB177 /* BUXCryptoTestTests.swift */; };
		A32F40FD1FD748A3000BB177 /* BUXCryptoTestUITests.swift in Sources */ = {isa = PBXBuildFile; fileRef = A32F40FC1FD748A3000BB177 /* BUXCryptoTestUITests.swift */; };
		A3E3A0941FD89DF700C119D7 /* TradingPresenter.swift in Sources */ = {isa = PBXBuildFile; fileRef = A3E3A0931FD89DF700C119D7 /* TradingPresenter.swift */; };
		A3E3A0971FD89EB900C119D7 /* BaseViewController.swift in Sources */ = {isa = PBXBuildFile; fileRef = A3E3A0961FD89EB900C119D7 /* BaseViewController.swift */; };
		A3E3A0991FD89FD400C119D7 /* ErrorViewModel.swift in Sources */ = {isa = PBXBuildFile; fileRef = A3E3A0981FD89FD400C119D7 /* ErrorViewModel.swift */; };
		FA3C158D1FD851F600686F2D /* AppDelegate.swift in Sources */ = {isa = PBXBuildFile; fileRef = FA3C158C1FD851F500686F2D /* AppDelegate.swift */; };
		FA3C158F1FD8520700686F2D /* AppCoordinator.swift in Sources */ = {isa = PBXBuildFile; fileRef = FA3C158E1FD8520700686F2D /* AppCoordinator.swift */; };
		FA3C15941FD85C8100686F2D /* CurrencyCoordinator.swift in Sources */ = {isa = PBXBuildFile; fileRef = FA3C15931FD85C8100686F2D /* CurrencyCoordinator.swift */; };
		FA3C15991FD85FBF00686F2D /* CurrencyViewModel.swift in Sources */ = {isa = PBXBuildFile; fileRef = FA3C15981FD85FBF00686F2D /* CurrencyViewModel.swift */; };
		FA3C159C1FD8604000686F2D /* CurrencyListViewController.swift in Sources */ = {isa = PBXBuildFile; fileRef = FA3C159B1FD8604000686F2D /* CurrencyListViewController.swift */; };
		FA3C159E1FD861CD00686F2D /* CurrencyAvailableModel.swift in Sources */ = {isa = PBXBuildFile; fileRef = FA3C159D1FD861CD00686F2D /* CurrencyAvailableModel.swift */; };
		FA3C15A01FD861FC00686F2D /* CurrencyPurchasedModel.swift in Sources */ = {isa = PBXBuildFile; fileRef = FA3C159F1FD861FC00686F2D /* CurrencyPurchasedModel.swift */; };
		FA3C15A21FD8626300686F2D /* CurrencyRealTimePriceModel.swift in Sources */ = {isa = PBXBuildFile; fileRef = FA3C15A11FD8626300686F2D /* CurrencyRealTimePriceModel.swift */; };
		FA3C15A41FD8656D00686F2D /* TradeViewController.swift in Sources */ = {isa = PBXBuildFile; fileRef = FA3C15A31FD8656D00686F2D /* TradeViewController.swift */; };
		FA3C15A61FD8683D00686F2D /* Storyboard+AppControllers.swift in Sources */ = {isa = PBXBuildFile; fileRef = FA3C15A51FD8683D00686F2D /* Storyboard+AppControllers.swift */; };
		FA3C15A91FD86EC900686F2D /* CurrencyListPresenter.swift in Sources */ = {isa = PBXBuildFile; fileRef = FA3C15A81FD86EC900686F2D /* CurrencyListPresenter.swift */; };
		FA64A64E1FD99CAB00C3E4AC /* GenericTableViewDataSource.swift in Sources */ = {isa = PBXBuildFile; fileRef = FA64A64D1FD99CAB00C3E4AC /* GenericTableViewDataSource.swift */; };
		FA64A6511FD99CF900C3E4AC /* ConfigurableCell.swift in Sources */ = {isa = PBXBuildFile; fileRef = FA64A6501FD99CF900C3E4AC /* ConfigurableCell.swift */; };
		FA64A6541FD99DDF00C3E4AC /* CurrencyCell.swift in Sources */ = {isa = PBXBuildFile; fileRef = FA64A6531FD99DDF00C3E4AC /* CurrencyCell.swift */; };
		FA64A6561FD99DF200C3E4AC /* CurrencyCell.xib in Resources */ = {isa = PBXBuildFile; fileRef = FA64A6551FD99DF200C3E4AC /* CurrencyCell.xib */; };
/* End PBXBuildFile section */

/* Begin PBXContainerItemProxy section */
		A32F40EE1FD748A3000BB177 /* PBXContainerItemProxy */ = {
			isa = PBXContainerItemProxy;
			containerPortal = A32F40D11FD748A2000BB177 /* Project object */;
			proxyType = 1;
			remoteGlobalIDString = A32F40D81FD748A2000BB177;
			remoteInfo = BUXCryptoTest;
		};
		A32F40F91FD748A3000BB177 /* PBXContainerItemProxy */ = {
			isa = PBXContainerItemProxy;
			containerPortal = A32F40D11FD748A2000BB177 /* Project object */;
			proxyType = 1;
			remoteGlobalIDString = A32F40D81FD748A2000BB177;
			remoteInfo = BUXCryptoTest;
		};
/* End PBXContainerItemProxy section */

/* Begin PBXFileReference section */
		A31B51BF1FD8939F0013B062 /* ServiceManager.swift */ = {isa = PBXFileReference; lastKnownFileType = sourcecode.swift; path = ServiceManager.swift; sourceTree = "<group>"; };
		A31B51C11FD893F60013B062 /* CurrencySerivceManager.swift */ = {isa = PBXFileReference; lastKnownFileType = sourcecode.swift; path = CurrencySerivceManager.swift; sourceTree = "<group>"; };
		A32F40D91FD748A3000BB177 /* BUXCryptoTest.app */ = {isa = PBXFileReference; explicitFileType = wrapper.application; includeInIndex = 0; path = BUXCryptoTest.app; sourceTree = BUILT_PRODUCTS_DIR; };
		A32F40E11FD748A3000BB177 /* Base */ = {isa = PBXFileReference; lastKnownFileType = file.storyboard; name = Base; path = Base.lproj/Main.storyboard; sourceTree = "<group>"; };
		A32F40E31FD748A3000BB177 /* Assets.xcassets */ = {isa = PBXFileReference; lastKnownFileType = folder.assetcatalog; path = Assets.xcassets; sourceTree = "<group>"; };
		A32F40E61FD748A3000BB177 /* Base */ = {isa = PBXFileReference; lastKnownFileType = file.storyboard; name = Base; path = Base.lproj/LaunchScreen.storyboard; sourceTree = "<group>"; };
		A32F40E81FD748A3000BB177 /* Info.plist */ = {isa = PBXFileReference; lastKnownFileType = text.plist.xml; path = Info.plist; sourceTree = "<group>"; };
		A32F40ED1FD748A3000BB177 /* BUXCryptoTestTests.xctest */ = {isa = PBXFileReference; explicitFileType = wrapper.cfbundle; includeInIndex = 0; path = BUXCryptoTestTests.xctest; sourceTree = BUILT_PRODUCTS_DIR; };
		A32F40F11FD748A3000BB177 /* BUXCryptoTestTests.swift */ = {isa = PBXFileReference; lastKnownFileType = sourcecode.swift; path = BUXCryptoTestTests.swift; sourceTree = "<group>"; };
		A32F40F31FD748A3000BB177 /* Info.plist */ = {isa = PBXFileReference; lastKnownFileType = text.plist.xml; path = Info.plist; sourceTree = "<group>"; };
		A32F40F81FD748A3000BB177 /* BUXCryptoTestUITests.xctest */ = {isa = PBXFileReference; explicitFileType = wrapper.cfbundle; includeInIndex = 0; path = BUXCryptoTestUITests.xctest; sourceTree = BUILT_PRODUCTS_DIR; };
		A32F40FC1FD748A3000BB177 /* BUXCryptoTestUITests.swift */ = {isa = PBXFileReference; lastKnownFileType = sourcecode.swift; path = BUXCryptoTestUITests.swift; sourceTree = "<group>"; };
		A32F40FE1FD748A3000BB177 /* Info.plist */ = {isa = PBXFileReference; lastKnownFileType = text.plist.xml; path = Info.plist; sourceTree = "<group>"; };
		A3E3A0931FD89DF700C119D7 /* TradingPresenter.swift */ = {isa = PBXFileReference; lastKnownFileType = sourcecode.swift; path = TradingPresenter.swift; sourceTree = "<group>"; };
		A3E3A0961FD89EB900C119D7 /* BaseViewController.swift */ = {isa = PBXFileReference; lastKnownFileType = sourcecode.swift; path = BaseViewController.swift; sourceTree = "<group>"; };
		A3E3A0981FD89FD400C119D7 /* ErrorViewModel.swift */ = {isa = PBXFileReference; lastKnownFileType = sourcecode.swift; path = ErrorViewModel.swift; sourceTree = "<group>"; };
		FA3C158C1FD851F500686F2D /* AppDelegate.swift */ = {isa = PBXFileReference; fileEncoding = 4; lastKnownFileType = sourcecode.swift; path = AppDelegate.swift; sourceTree = "<group>"; };
		FA3C158E1FD8520700686F2D /* AppCoordinator.swift */ = {isa = PBXFileReference; fileEncoding = 4; lastKnownFileType = sourcecode.swift; path = AppCoordinator.swift; sourceTree = "<group>"; };
		FA3C15931FD85C8100686F2D /* CurrencyCoordinator.swift */ = {isa = PBXFileReference; fileEncoding = 4; lastKnownFileType = sourcecode.swift; path = CurrencyCoordinator.swift; sourceTree = "<group>"; };
		FA3C15981FD85FBF00686F2D /* CurrencyViewModel.swift */ = {isa = PBXFileReference; lastKnownFileType = sourcecode.swift; path = CurrencyViewModel.swift; sourceTree = "<group>"; };
		FA3C159B1FD8604000686F2D /* CurrencyListViewController.swift */ = {isa = PBXFileReference; lastKnownFileType = sourcecode.swift; path = CurrencyListViewController.swift; sourceTree = "<group>"; };
		FA3C159D1FD861CD00686F2D /* CurrencyAvailableModel.swift */ = {isa = PBXFileReference; lastKnownFileType = sourcecode.swift; path = CurrencyAvailableModel.swift; sourceTree = "<group>"; };
		FA3C159F1FD861FC00686F2D /* CurrencyPurchasedModel.swift */ = {isa = PBXFileReference; lastKnownFileType = sourcecode.swift; path = CurrencyPurchasedModel.swift; sourceTree = "<group>"; };
		FA3C15A11FD8626300686F2D /* CurrencyRealTimePriceModel.swift */ = {isa = PBXFileReference; lastKnownFileType = sourcecode.swift; path = CurrencyRealTimePriceModel.swift; sourceTree = "<group>"; };
		FA3C15A31FD8656D00686F2D /* TradeViewController.swift */ = {isa = PBXFileReference; lastKnownFileType = sourcecode.swift; path = TradeViewController.swift; sourceTree = "<group>"; };
		FA3C15A51FD8683D00686F2D /* Storyboard+AppControllers.swift */ = {isa = PBXFileReference; lastKnownFileType = sourcecode.swift; path = "Storyboard+AppControllers.swift"; sourceTree = "<group>"; };
		FA3C15A81FD86EC900686F2D /* CurrencyListPresenter.swift */ = {isa = PBXFileReference; lastKnownFileType = sourcecode.swift; path = CurrencyListPresenter.swift; sourceTree = "<group>"; };
		FA64A64D1FD99CAB00C3E4AC /* GenericTableViewDataSource.swift */ = {isa = PBXFileReference; lastKnownFileType = sourcecode.swift; path = GenericTableViewDataSource.swift; sourceTree = "<group>"; };
		FA64A6501FD99CF900C3E4AC /* ConfigurableCell.swift */ = {isa = PBXFileReference; lastKnownFileType = sourcecode.swift; path = ConfigurableCell.swift; sourceTree = "<group>"; };
		FA64A6531FD99DDF00C3E4AC /* CurrencyCell.swift */ = {isa = PBXFileReference; lastKnownFileType = sourcecode.swift; path = CurrencyCell.swift; sourceTree = "<group>"; };
		FA64A6551FD99DF200C3E4AC /* CurrencyCell.xib */ = {isa = PBXFileReference; lastKnownFileType = file.xib; path = CurrencyCell.xib; sourceTree = "<group>"; };
/* End PBXFileReference section */

/* Begin PBXFrameworksBuildPhase section */
		A32F40D61FD748A2000BB177 /* Frameworks */ = {
			isa = PBXFrameworksBuildPhase;
			buildActionMask = 2147483647;
			files = (
			);
			runOnlyForDeploymentPostprocessing = 0;
		};
		A32F40EA1FD748A3000BB177 /* Frameworks */ = {
			isa = PBXFrameworksBuildPhase;
			buildActionMask = 2147483647;
			files = (
			);
			runOnlyForDeploymentPostprocessing = 0;
		};
		A32F40F51FD748A3000BB177 /* Frameworks */ = {
			isa = PBXFrameworksBuildPhase;
			buildActionMask = 2147483647;
			files = (
			);
			runOnlyForDeploymentPostprocessing = 0;
		};
/* End PBXFrameworksBuildPhase section */

/* Begin PBXGroup section */
		A31B51BD1FD893470013B062 /* Manager */ = {
			isa = PBXGroup;
			children = (
				A31B51C11FD893F60013B062 /* CurrencySerivceManager.swift */,
			);
			path = Manager;
			sourceTree = "<group>";
		};
		A31B51BE1FD893800013B062 /* Manager */ = {
			isa = PBXGroup;
			children = (
				A31B51BF1FD8939F0013B062 /* ServiceManager.swift */,
			);
			path = Manager;
			sourceTree = "<group>";
		};
		A32F40D01FD748A2000BB177 = {
			isa = PBXGroup;
			children = (
				A32F40DB1FD748A3000BB177 /* BUXCryptoTest */,
				A32F40F01FD748A3000BB177 /* BUXCryptoTestTests */,
				A32F40FB1FD748A3000BB177 /* BUXCryptoTestUITests */,
				A32F40DA1FD748A3000BB177 /* Products */,
			);
			sourceTree = "<group>";
		};
		A32F40DA1FD748A3000BB177 /* Products */ = {
			isa = PBXGroup;
			children = (
				A32F40D91FD748A3000BB177 /* BUXCryptoTest.app */,
				A32F40ED1FD748A3000BB177 /* BUXCryptoTestTests.xctest */,
				A32F40F81FD748A3000BB177 /* BUXCryptoTestUITests.xctest */,
			);
			name = Products;
			sourceTree = "<group>";
		};
		A32F40DB1FD748A3000BB177 /* BUXCryptoTest */ = {
			isa = PBXGroup;
			children = (
				FA3C15971FD85DC600686F2D /* Extension */,
				FA3C15911FD8580A00686F2D /* CurrencyModule */,
				FA3C15901FD857D500686F2D /* BaseClasses */,
				FA3C158E1FD8520700686F2D /* AppCoordinator.swift */,
				FA3C158C1FD851F500686F2D /* AppDelegate.swift */,
				FA3C158B1FD848DB00686F2D /* Resources */,
			);
			path = BUXCryptoTest;
			sourceTree = "<group>";
		};
		A32F40F01FD748A3000BB177 /* BUXCryptoTestTests */ = {
			isa = PBXGroup;
			children = (
				A32F40F11FD748A3000BB177 /* BUXCryptoTestTests.swift */,
				A32F40F31FD748A3000BB177 /* Info.plist */,
			);
			path = BUXCryptoTestTests;
			sourceTree = "<group>";
		};
		A32F40FB1FD748A3000BB177 /* BUXCryptoTestUITests */ = {
			isa = PBXGroup;
			children = (
				A32F40FC1FD748A3000BB177 /* BUXCryptoTestUITests.swift */,
				A32F40FE1FD748A3000BB177 /* Info.plist */,
			);
			path = BUXCryptoTestUITests;
			sourceTree = "<group>";
		};
		A3E3A0951FD89E7400C119D7 /* Controller */ = {
			isa = PBXGroup;
			children = (
				A3E3A0961FD89EB900C119D7 /* BaseViewController.swift */,
			);
			path = Controller;
			sourceTree = "<group>";
		};
		FA3C158B1FD848DB00686F2D /* Resources */ = {
			isa = PBXGroup;
			children = (
				A32F40E01FD748A3000BB177 /* Main.storyboard */,
				A32F40E31FD748A3000BB177 /* Assets.xcassets */,
				A32F40E51FD748A3000BB177 /* LaunchScreen.storyboard */,
				A32F40E81FD748A3000BB177 /* Info.plist */,
			);
			path = Resources;
			sourceTree = "<group>";
		};
		FA3C15901FD857D500686F2D /* BaseClasses */ = {
			isa = PBXGroup;
			children = (
				FA64A64F1FD99CDF00C3E4AC /* View */,
				FA64A64C1FD99C7C00C3E4AC /* Configurator */,
				A3E3A0951FD89E7400C119D7 /* Controller */,
				A31B51BE1FD893800013B062 /* Manager */,
			);
			path = BaseClasses;
			sourceTree = "<group>";
		};
		FA3C15911FD8580A00686F2D /* CurrencyModule */ = {
			isa = PBXGroup;
			children = (
				FA64A6521FD99D9D00C3E4AC /* View */,
				A31B51BD1FD893470013B062 /* Manager */,
				FA3C15A71FD86E1600686F2D /* Presenter */,
				FA3C159A1FD8602700686F2D /* Controller */,
				FA3C15961FD85D3300686F2D /* ViewModel */,
				FA3C15951FD85CAD00686F2D /* Model */,
				FA3C15921FD858C700686F2D /* Coordinator */,
			);
			path = CurrencyModule;
			sourceTree = "<group>";
		};
		FA3C15921FD858C700686F2D /* Coordinator */ = {
			isa = PBXGroup;
			children = (
				FA3C15931FD85C8100686F2D /* CurrencyCoordinator.swift */,
			);
			path = Coordinator;
			sourceTree = "<group>";
		};
		FA3C15951FD85CAD00686F2D /* Model */ = {
			isa = PBXGroup;
			children = (
				FA3C159D1FD861CD00686F2D /* CurrencyAvailableModel.swift */,
				FA3C159F1FD861FC00686F2D /* CurrencyPurchasedModel.swift */,
				FA3C15A11FD8626300686F2D /* CurrencyRealTimePriceModel.swift */,
			);
			path = Model;
			sourceTree = "<group>";
		};
		FA3C15961FD85D3300686F2D /* ViewModel */ = {
			isa = PBXGroup;
			children = (
				FA3C15981FD85FBF00686F2D /* CurrencyViewModel.swift */,
				A3E3A0981FD89FD400C119D7 /* ErrorViewModel.swift */,
			);
			path = ViewModel;
			sourceTree = "<group>";
		};
		FA3C15971FD85DC600686F2D /* Extension */ = {
			isa = PBXGroup;
			children = (
				FA3C15A51FD8683D00686F2D /* Storyboard+AppControllers.swift */,
			);
			path = Extension;
			sourceTree = "<group>";
		};
		FA3C159A1FD8602700686F2D /* Controller */ = {
			isa = PBXGroup;
			children = (
				FA3C159B1FD8604000686F2D /* CurrencyListViewController.swift */,
				FA3C15A31FD8656D00686F2D /* TradeViewController.swift */,
			);
			path = Controller;
			sourceTree = "<group>";
		};
		FA3C15A71FD86E1600686F2D /* Presenter */ = {
			isa = PBXGroup;
			children = (
				FA3C15A81FD86EC900686F2D /* CurrencyListPresenter.swift */,
				A3E3A0931FD89DF700C119D7 /* TradingPresenter.swift */,
			);
			path = Presenter;
			sourceTree = "<group>";
		};
		FA64A64C1FD99C7C00C3E4AC /* Configurator */ = {
			isa = PBXGroup;
			children = (
				FA64A64D1FD99CAB00C3E4AC /* GenericTableViewDataSource.swift */,
			);
			path = Configurator;
			sourceTree = "<group>";
		};
		FA64A64F1FD99CDF00C3E4AC /* View */ = {
			isa = PBXGroup;
			children = (
				FA64A6501FD99CF900C3E4AC /* ConfigurableCell.swift */,
			);
			path = View;
			sourceTree = "<group>";
		};
		FA64A6521FD99D9D00C3E4AC /* View */ = {
			isa = PBXGroup;
			children = (
				FA64A6531FD99DDF00C3E4AC /* CurrencyCell.swift */,
				FA64A6551FD99DF200C3E4AC /* CurrencyCell.xib */,
			);
			path = View;
			sourceTree = "<group>";
		};
/* End PBXGroup section */

/* Begin PBXNativeTarget section */
		A32F40D81FD748A2000BB177 /* BUXCryptoTest */ = {
			isa = PBXNativeTarget;
			buildConfigurationList = A32F41011FD748A3000BB177 /* Build configuration list for PBXNativeTarget "BUXCryptoTest" */;
			buildPhases = (
				A32F40D51FD748A2000BB177 /* Sources */,
				A32F40D61FD748A2000BB177 /* Frameworks */,
				A32F40D71FD748A2000BB177 /* Resources */,
			);
			buildRules = (
			);
			dependencies = (
			);
			name = BUXCryptoTest;
			productName = BUXCryptoTest;
			productReference = A32F40D91FD748A3000BB177 /* BUXCryptoTest.app */;
			productType = "com.apple.product-type.application";
		};
		A32F40EC1FD748A3000BB177 /* BUXCryptoTestTests */ = {
			isa = PBXNativeTarget;
			buildConfigurationList = A32F41041FD748A3000BB177 /* Build configuration list for PBXNativeTarget "BUXCryptoTestTests" */;
			buildPhases = (
				A32F40E91FD748A3000BB177 /* Sources */,
				A32F40EA1FD748A3000BB177 /* Frameworks */,
				A32F40EB1FD748A3000BB177 /* Resources */,
			);
			buildRules = (
			);
			dependencies = (
				A32F40EF1FD748A3000BB177 /* PBXTargetDependency */,
			);
			name = BUXCryptoTestTests;
			productName = BUXCryptoTestTests;
			productReference = A32F40ED1FD748A3000BB177 /* BUXCryptoTestTests.xctest */;
			productType = "com.apple.product-type.bundle.unit-test";
		};
		A32F40F71FD748A3000BB177 /* BUXCryptoTestUITests */ = {
			isa = PBXNativeTarget;
			buildConfigurationList = A32F41071FD748A3000BB177 /* Build configuration list for PBXNativeTarget "BUXCryptoTestUITests" */;
			buildPhases = (
				A32F40F41FD748A3000BB177 /* Sources */,
				A32F40F51FD748A3000BB177 /* Frameworks */,
				A32F40F61FD748A3000BB177 /* Resources */,
			);
			buildRules = (
			);
			dependencies = (
				A32F40FA1FD748A3000BB177 /* PBXTargetDependency */,
			);
			name = BUXCryptoTestUITests;
			productName = BUXCryptoTestUITests;
			productReference = A32F40F81FD748A3000BB177 /* BUXCryptoTestUITests.xctest */;
			productType = "com.apple.product-type.bundle.ui-testing";
		};
/* End PBXNativeTarget section */

/* Begin PBXProject section */
		A32F40D11FD748A2000BB177 /* Project object */ = {
			isa = PBXProject;
			attributes = {
				LastSwiftUpdateCheck = 0910;
				LastUpgradeCheck = 0910;
				ORGANIZATIONNAME = "Hrybenuik Mykola";
				TargetAttributes = {
					A32F40D81FD748A2000BB177 = {
						CreatedOnToolsVersion = 9.1;
						LastSwiftMigration = 0920;
						ProvisioningStyle = Automatic;
					};
					A32F40EC1FD748A3000BB177 = {
						CreatedOnToolsVersion = 9.1;
						ProvisioningStyle = Automatic;
						TestTargetID = A32F40D81FD748A2000BB177;
					};
					A32F40F71FD748A3000BB177 = {
						CreatedOnToolsVersion = 9.1;
						ProvisioningStyle = Automatic;
						TestTargetID = A32F40D81FD748A2000BB177;
					};
				};
			};
			buildConfigurationList = A32F40D41FD748A2000BB177 /* Build configuration list for PBXProject "BUXCryptoTest" */;
			compatibilityVersion = "Xcode 8.0";
			developmentRegion = en;
			hasScannedForEncodings = 0;
			knownRegions = (
				en,
				Base,
			);
			mainGroup = A32F40D01FD748A2000BB177;
			productRefGroup = A32F40DA1FD748A3000BB177 /* Products */;
			projectDirPath = "";
			projectRoot = "";
			targets = (
				A32F40D81FD748A2000BB177 /* BUXCryptoTest */,
				A32F40EC1FD748A3000BB177 /* BUXCryptoTestTests */,
				A32F40F71FD748A3000BB177 /* BUXCryptoTestUITests */,
			);
		};
/* End PBXProject section */

/* Begin PBXResourcesBuildPhase section */
		A32F40D71FD748A2000BB177 /* Resources */ = {
			isa = PBXResourcesBuildPhase;
			buildActionMask = 2147483647;
			files = (
				FA64A6561FD99DF200C3E4AC /* CurrencyCell.xib in Resources */,
				A32F40E71FD748A3000BB177 /* LaunchScreen.storyboard in Resources */,
				A32F40E41FD748A3000BB177 /* Assets.xcassets in Resources */,
				A32F40E21FD748A3000BB177 /* Main.storyboard in Resources */,
			);
			runOnlyForDeploymentPostprocessing = 0;
		};
		A32F40EB1FD748A3000BB177 /* Resources */ = {
			isa = PBXResourcesBuildPhase;
			buildActionMask = 2147483647;
			files = (
			);
			runOnlyForDeploymentPostprocessing = 0;
		};
		A32F40F61FD748A3000BB177 /* Resources */ = {
			isa = PBXResourcesBuildPhase;
			buildActionMask = 2147483647;
			files = (
			);
			runOnlyForDeploymentPostprocessing = 0;
		};
/* End PBXResourcesBuildPhase section */

/* Begin PBXSourcesBuildPhase section */
		A32F40D51FD748A2000BB177 /* Sources */ = {
			isa = PBXSourcesBuildPhase;
			buildActionMask = 2147483647;
			files = (
				FA3C15A41FD8656D00686F2D /* TradeViewController.swift in Sources */,
				FA3C159E1FD861CD00686F2D /* CurrencyAvailableModel.swift in Sources */,
				FA3C158F1FD8520700686F2D /* AppCoordinator.swift in Sources */,
				FA64A6541FD99DDF00C3E4AC /* CurrencyCell.swift in Sources */,
				FA64A64E1FD99CAB00C3E4AC /* GenericTableViewDataSource.swift in Sources */,
				FA3C15A21FD8626300686F2D /* CurrencyRealTimePriceModel.swift in Sources */,
				FA3C15991FD85FBF00686F2D /* CurrencyViewModel.swift in Sources */,
				A3E3A0991FD89FD400C119D7 /* ErrorViewModel.swift in Sources */,
				A3E3A0971FD89EB900C119D7 /* BaseViewController.swift in Sources */,
				FA3C158D1FD851F600686F2D /* AppDelegate.swift in Sources */,
				A3E3A0941FD89DF700C119D7 /* TradingPresenter.swift in Sources */,
				FA3C15941FD85C8100686F2D /* CurrencyCoordinator.swift in Sources */,
				FA3C15A91FD86EC900686F2D /* CurrencyListPresenter.swift in Sources */,
				FA64A6511FD99CF900C3E4AC /* ConfigurableCell.swift in Sources */,
				FA3C15A01FD861FC00686F2D /* CurrencyPurchasedModel.swift in Sources */,
				FA3C15A61FD8683D00686F2D /* Storyboard+AppControllers.swift in Sources */,
				FA3C159C1FD8604000686F2D /* CurrencyListViewController.swift in Sources */,
				A31B51C01FD8939F0013B062 /* ServiceManager.swift in Sources */,
				A31B51C21FD893F60013B062 /* CurrencySerivceManager.swift in Sources */,
			);
			runOnlyForDeploymentPostprocessing = 0;
		};
		A32F40E91FD748A3000BB177 /* Sources */ = {
			isa = PBXSourcesBuildPhase;
			buildActionMask = 2147483647;
			files = (
				A32F40F21FD748A3000BB177 /* BUXCryptoTestTests.swift in Sources */,
			);
			runOnlyForDeploymentPostprocessing = 0;
		};
		A32F40F41FD748A3000BB177 /* Sources */ = {
			isa = PBXSourcesBuildPhase;
			buildActionMask = 2147483647;
			files = (
				A32F40FD1FD748A3000BB177 /* BUXCryptoTestUITests.swift in Sources */,
			);
			runOnlyForDeploymentPostprocessing = 0;
		};
/* End PBXSourcesBuildPhase section */

/* Begin PBXTargetDependency section */
		A32F40EF1FD748A3000BB177 /* PBXTargetDependency */ = {
			isa = PBXTargetDependency;
			target = A32F40D81FD748A2000BB177 /* BUXCryptoTest */;
			targetProxy = A32F40EE1FD748A3000BB177 /* PBXContainerItemProxy */;
		};
		A32F40FA1FD748A3000BB177 /* PBXTargetDependency */ = {
			isa = PBXTargetDependency;
			target = A32F40D81FD748A2000BB177 /* BUXCryptoTest */;
			targetProxy = A32F40F91FD748A3000BB177 /* PBXContainerItemProxy */;
		};
/* End PBXTargetDependency section */

/* Begin PBXVariantGroup section */
		A32F40E01FD748A3000BB177 /* Main.storyboard */ = {
			isa = PBXVariantGroup;
			children = (
				A32F40E11FD748A3000BB177 /* Base */,
			);
			name = Main.storyboard;
			sourceTree = "<group>";
		};
		A32F40E51FD748A3000BB177 /* LaunchScreen.storyboard */ = {
			isa = PBXVariantGroup;
			children = (
				A32F40E61FD748A3000BB177 /* Base */,
			);
			name = LaunchScreen.storyboard;
			sourceTree = "<group>";
		};
/* End PBXVariantGroup section */

/* Begin XCBuildConfiguration section */
		A32F40FF1FD748A3000BB177 /* Debug */ = {
			isa = XCBuildConfiguration;
			buildSettings = {
				ALWAYS_SEARCH_USER_PATHS = NO;
				CLANG_ANALYZER_NONNULL = YES;
				CLANG_ANALYZER_NUMBER_OBJECT_CONVERSION = YES_AGGRESSIVE;
				CLANG_CXX_LANGUAGE_STANDARD = "gnu++14";
				CLANG_CXX_LIBRARY = "libc++";
				CLANG_ENABLE_MODULES = YES;
				CLANG_ENABLE_OBJC_ARC = YES;
				CLANG_WARN_BLOCK_CAPTURE_AUTORELEASING = YES;
				CLANG_WARN_BOOL_CONVERSION = YES;
				CLANG_WARN_COMMA = YES;
				CLANG_WARN_CONSTANT_CONVERSION = YES;
				CLANG_WARN_DIRECT_OBJC_ISA_USAGE = YES_ERROR;
				CLANG_WARN_DOCUMENTATION_COMMENTS = YES;
				CLANG_WARN_EMPTY_BODY = YES;
				CLANG_WARN_ENUM_CONVERSION = YES;
				CLANG_WARN_INFINITE_RECURSION = YES;
				CLANG_WARN_INT_CONVERSION = YES;
				CLANG_WARN_NON_LITERAL_NULL_CONVERSION = YES;
				CLANG_WARN_OBJC_LITERAL_CONVERSION = YES;
				CLANG_WARN_OBJC_ROOT_CLASS = YES_ERROR;
				CLANG_WARN_RANGE_LOOP_ANALYSIS = YES;
				CLANG_WARN_STRICT_PROTOTYPES = YES;
				CLANG_WARN_SUSPICIOUS_MOVE = YES;
				CLANG_WARN_UNGUARDED_AVAILABILITY = YES_AGGRESSIVE;
				CLANG_WARN_UNREACHABLE_CODE = YES;
				CLANG_WARN__DUPLICATE_METHOD_MATCH = YES;
				CODE_SIGN_IDENTITY = "iPhone Developer";
				COPY_PHASE_STRIP = NO;
				DEBUG_INFORMATION_FORMAT = dwarf;
				ENABLE_STRICT_OBJC_MSGSEND = YES;
				ENABLE_TESTABILITY = YES;
				GCC_C_LANGUAGE_STANDARD = gnu11;
				GCC_DYNAMIC_NO_PIC = NO;
				GCC_NO_COMMON_BLOCKS = YES;
				GCC_OPTIMIZATION_LEVEL = 0;
				GCC_PREPROCESSOR_DEFINITIONS = (
					"DEBUG=1",
					"$(inherited)",
				);
				GCC_WARN_64_TO_32_BIT_CONVERSION = YES;
				GCC_WARN_ABOUT_RETURN_TYPE = YES_ERROR;
				GCC_WARN_UNDECLARED_SELECTOR = YES;
				GCC_WARN_UNINITIALIZED_AUTOS = YES_AGGRESSIVE;
				GCC_WARN_UNUSED_FUNCTION = YES;
				GCC_WARN_UNUSED_VARIABLE = YES;
				IPHONEOS_DEPLOYMENT_TARGET = 11.1;
				MTL_ENABLE_DEBUG_INFO = YES;
				ONLY_ACTIVE_ARCH = YES;
				SDKROOT = iphoneos;
				SWIFT_ACTIVE_COMPILATION_CONDITIONS = DEBUG;
				SWIFT_OPTIMIZATION_LEVEL = "-Onone";
			};
			name = Debug;
		};
		A32F41001FD748A3000BB177 /* Release */ = {
			isa = XCBuildConfiguration;
			buildSettings = {
				ALWAYS_SEARCH_USER_PATHS = NO;
				CLANG_ANALYZER_NONNULL = YES;
				CLANG_ANALYZER_NUMBER_OBJECT_CONVERSION = YES_AGGRESSIVE;
				CLANG_CXX_LANGUAGE_STANDARD = "gnu++14";
				CLANG_CXX_LIBRARY = "libc++";
				CLANG_ENABLE_MODULES = YES;
				CLANG_ENABLE_OBJC_ARC = YES;
				CLANG_WARN_BLOCK_CAPTURE_AUTORELEASING = YES;
				CLANG_WARN_BOOL_CONVERSION = YES;
				CLANG_WARN_COMMA = YES;
				CLANG_WARN_CONSTANT_CONVERSION = YES;
				CLANG_WARN_DIRECT_OBJC_ISA_USAGE = YES_ERROR;
				CLANG_WARN_DOCUMENTATION_COMMENTS = YES;
				CLANG_WARN_EMPTY_BODY = YES;
				CLANG_WARN_ENUM_CONVERSION = YES;
				CLANG_WARN_INFINITE_RECURSION = YES;
				CLANG_WARN_INT_CONVERSION = YES;
				CLANG_WARN_NON_LITERAL_NULL_CONVERSION = YES;
				CLANG_WARN_OBJC_LITERAL_CONVERSION = YES;
				CLANG_WARN_OBJC_ROOT_CLASS = YES_ERROR;
				CLANG_WARN_RANGE_LOOP_ANALYSIS = YES;
				CLANG_WARN_STRICT_PROTOTYPES = YES;
				CLANG_WARN_SUSPICIOUS_MOVE = YES;
				CLANG_WARN_UNGUARDED_AVAILABILITY = YES_AGGRESSIVE;
				CLANG_WARN_UNREACHABLE_CODE = YES;
				CLANG_WARN__DUPLICATE_METHOD_MATCH = YES;
				CODE_SIGN_IDENTITY = "iPhone Developer";
				COPY_PHASE_STRIP = NO;
				DEBUG_INFORMATION_FORMAT = "dwarf-with-dsym";
				ENABLE_NS_ASSERTIONS = NO;
				ENABLE_STRICT_OBJC_MSGSEND = YES;
				GCC_C_LANGUAGE_STANDARD = gnu11;
				GCC_NO_COMMON_BLOCKS = YES;
				GCC_WARN_64_TO_32_BIT_CONVERSION = YES;
				GCC_WARN_ABOUT_RETURN_TYPE = YES_ERROR;
				GCC_WARN_UNDECLARED_SELECTOR = YES;
				GCC_WARN_UNINITIALIZED_AUTOS = YES_AGGRESSIVE;
				GCC_WARN_UNUSED_FUNCTION = YES;
				GCC_WARN_UNUSED_VARIABLE = YES;
				IPHONEOS_DEPLOYMENT_TARGET = 11.1;
				MTL_ENABLE_DEBUG_INFO = NO;
				SDKROOT = iphoneos;
				SWIFT_OPTIMIZATION_LEVEL = "-Owholemodule";
				VALIDATE_PRODUCT = YES;
			};
			name = Release;
		};
		A32F41021FD748A3000BB177 /* Debug */ = {
			isa = XCBuildConfiguration;
			buildSettings = {
				ASSETCATALOG_COMPILER_APPICON_NAME = AppIcon;
				CLANG_ENABLE_MODULES = YES;
				CODE_SIGN_STYLE = Automatic;
				DEVELOPMENT_TEAM = QK893C648G;
				INFOPLIST_FILE = BUXCryptoTest/Resources/Info.plist;
				LD_RUNPATH_SEARCH_PATHS = "$(inherited) @executable_path/Frameworks";
				PRODUCT_BUNDLE_IDENTIFIER = com.BUXCryptoTest;
				PRODUCT_NAME = "$(TARGET_NAME)";
				SWIFT_OPTIMIZATION_LEVEL = "-Onone";
				SWIFT_VERSION = 4.0;
				TARGETED_DEVICE_FAMILY = "1,2";
			};
			name = Debug;
		};
		A32F41031FD748A3000BB177 /* Release */ = {
			isa = XCBuildConfiguration;
			buildSettings = {
				ASSETCATALOG_COMPILER_APPICON_NAME = AppIcon;
				CLANG_ENABLE_MODULES = YES;
				CODE_SIGN_STYLE = Automatic;
				DEVELOPMENT_TEAM = QK893C648G;
				INFOPLIST_FILE = BUXCryptoTest/Resources/Info.plist;
				LD_RUNPATH_SEARCH_PATHS = "$(inherited) @executable_path/Frameworks";
				PRODUCT_BUNDLE_IDENTIFIER = com.BUXCryptoTest;
				PRODUCT_NAME = "$(TARGET_NAME)";
				SWIFT_VERSION = 4.0;
				TARGETED_DEVICE_FAMILY = "1,2";
			};
			name = Release;
		};
		A32F41051FD748A3000BB177 /* Debug */ = {
			isa = XCBuildConfiguration;
			buildSettings = {
				ALWAYS_EMBED_SWIFT_STANDARD_LIBRARIES = YES;
				BUNDLE_LOADER = "$(TEST_HOST)";
				CODE_SIGN_STYLE = Automatic;
				DEVELOPMENT_TEAM = QK893C648G;
				INFOPLIST_FILE = BUXCryptoTestTests/Info.plist;
				LD_RUNPATH_SEARCH_PATHS = "$(inherited) @executable_path/Frameworks @loader_path/Frameworks";
				PRODUCT_BUNDLE_IDENTIFIER = com.BUXCryptoTestTests;
				PRODUCT_NAME = "$(TARGET_NAME)";
				SWIFT_VERSION = 4.0;
				TARGETED_DEVICE_FAMILY = "1,2";
				TEST_HOST = "$(BUILT_PRODUCTS_DIR)/BUXCryptoTest.app/BUXCryptoTest";
			};
			name = Debug;
		};
		A32F41061FD748A3000BB177 /* Release */ = {
			isa = XCBuildConfiguration;
			buildSettings = {
				ALWAYS_EMBED_SWIFT_STANDARD_LIBRARIES = YES;
				BUNDLE_LOADER = "$(TEST_HOST)";
				CODE_SIGN_STYLE = Automatic;
				DEVELOPMENT_TEAM = QK893C648G;
				INFOPLIST_FILE = BUXCryptoTestTests/Info.plist;
				LD_RUNPATH_SEARCH_PATHS = "$(inherited) @executable_path/Frameworks @loader_path/Frameworks";
				PRODUCT_BUNDLE_IDENTIFIER = com.BUXCryptoTestTests;
				PRODUCT_NAME = "$(TARGET_NAME)";
				SWIFT_VERSION = 4.0;
				TARGETED_DEVICE_FAMILY = "1,2";
				TEST_HOST = "$(BUILT_PRODUCTS_DIR)/BUXCryptoTest.app/BUXCryptoTest";
			};
			name = Release;
		};
		A32F41081FD748A3000BB177 /* Debug */ = {
			isa = XCBuildConfiguration;
			buildSettings = {
				ALWAYS_EMBED_SWIFT_STANDARD_LIBRARIES = YES;
				CODE_SIGN_STYLE = Automatic;
				DEVELOPMENT_TEAM = QK893C648G;
				INFOPLIST_FILE = BUXCryptoTestUITests/Info.plist;
				LD_RUNPATH_SEARCH_PATHS = "$(inherited) @executable_path/Frameworks @loader_path/Frameworks";
				PRODUCT_BUNDLE_IDENTIFIER = com.BUXCryptoTestUITests;
				PRODUCT_NAME = "$(TARGET_NAME)";
				SWIFT_VERSION = 4.0;
				TARGETED_DEVICE_FAMILY = "1,2";
				TEST_TARGET_NAME = BUXCryptoTest;
			};
			name = Debug;
		};
		A32F41091FD748A3000BB177 /* Release */ = {
			isa = XCBuildConfiguration;
			buildSettings = {
				ALWAYS_EMBED_SWIFT_STANDARD_LIBRARIES = YES;
				CODE_SIGN_STYLE = Automatic;
				DEVELOPMENT_TEAM = QK893C648G;
				INFOPLIST_FILE = BUXCryptoTestUITests/Info.plist;
				LD_RUNPATH_SEARCH_PATHS = "$(inherited) @executable_path/Frameworks @loader_path/Frameworks";
				PRODUCT_BUNDLE_IDENTIFIER = com.BUXCryptoTestUITests;
				PRODUCT_NAME = "$(TARGET_NAME)";
				SWIFT_VERSION = 4.0;
				TARGETED_DEVICE_FAMILY = "1,2";
				TEST_TARGET_NAME = BUXCryptoTest;
			};
			name = Release;
		};
/* End XCBuildConfiguration section */

/* Begin XCConfigurationList section */
		A32F40D41FD748A2000BB177 /* Build configuration list for PBXProject "BUXCryptoTest" */ = {
			isa = XCConfigurationList;
			buildConfigurations = (
				A32F40FF1FD748A3000BB177 /* Debug */,
				A32F41001FD748A3000BB177 /* Release */,
			);
			defaultConfigurationIsVisible = 0;
			defaultConfigurationName = Release;
		};
		A32F41011FD748A3000BB177 /* Build configuration list for PBXNativeTarget "BUXCryptoTest" */ = {
			isa = XCConfigurationList;
			buildConfigurations = (
				A32F41021FD748A3000BB177 /* Debug */,
				A32F41031FD748A3000BB177 /* Release */,
			);
			defaultConfigurationIsVisible = 0;
			defaultConfigurationName = Release;
		};
		A32F41041FD748A3000BB177 /* Build configuration list for PBXNativeTarget "BUXCryptoTestTests" */ = {
			isa = XCConfigurationList;
			buildConfigurations = (
				A32F41051FD748A3000BB177 /* Debug */,
				A32F41061FD748A3000BB177 /* Release */,
			);
			defaultConfigurationIsVisible = 0;
			defaultConfigurationName = Release;
		};
		A32F41071FD748A3000BB177 /* Build configuration list for PBXNativeTarget "BUXCryptoTestUITests" */ = {
			isa = XCConfigurationList;
			buildConfigurations = (
				A32F41081FD748A3000BB177 /* Debug */,
				A32F41091FD748A3000BB177 /* Release */,
			);
			defaultConfigurationIsVisible = 0;
			defaultConfigurationName = Release;
		};
/* End XCConfigurationList section */
	};
	rootObject = A32F40D11FD748A2000BB177 /* Project object */;
}
